{
  "nodes": {
    "nixpkgs": {
      "locked": {
        "lastModified": 1754800730,
        "narHash": "sha256-HfVZCXic9XLBgybP0318ym3cDnGwBs/+H5MgxFVYF4I=",
        "owner": "NixOS",
        "repo": "nixpkgs",
        "rev": "641d909c4a7538f1539da9240dedb1755c907e40",
        "type": "github"
      },
      "original": {
        "owner": "NixOS",
        "ref": "nixpkgs-unstable",
        "repo": "nixpkgs",
        "type": "github"
      }
    },
    "nixpkgs_2": {
      "locked": {
        "lastModified": 1744536153,
        "narHash": "sha256-awS2zRgF4uTwrOKwwiJcByDzDOdo3Q1rPZbiHQg/N38=",
        "owner": "NixOS",
        "repo": "nixpkgs",
        "rev": "18dd725c29603f582cf1900e0d25f9f1063dbf11",
        "type": "github"
      },
      "original": {
        "owner": "NixOS",
        "ref": "nixpkgs-unstable",
        "repo": "nixpkgs",
        "type": "github"
      }
    },
    "root": {
      "inputs": {
        "nixpkgs": "nixpkgs",
        "rust-overlay": "rust-overlay"
      }
    },
    "rust-overlay": {
      "inputs": {
        "nixpkgs": "nixpkgs_2"
      },
      "locked": {
        "lastModified": 1754880555,
        "narHash": "sha256-tG6l0wiX8V8IvG4HFYY8IYN5vpNAxQ+UWunjjpE6SqU=",
        "owner": "oxalica",
        "repo": "rust-overlay",
        "rev": "17c591a44e4eb77f05f27cd37e1cfc3f219c7fc4",
        "type": "github"
      },
      "original": {
        "owner": "oxalica",
        "repo": "rust-overlay",
        "type": "github"
      }
    }
  },
  "root": "root",
  "version": 7
}
